PODS:
  - Starscream (4.0.4)
  - StreamChat (3.1.0):
    - Starscream (~> 4.0)

DEPENDENCIES:
  - StreamChat (~> 3.1)

SPEC REPOS:
  trunk:
    - Starscream
    - StreamChat

SPEC CHECKSUMS:
  Starscream: 5178aed56b316f13fa3bc55694e583d35dd414d9
  StreamChat: b119418b842bb47e7b721936541f87e3c8eb3c10

PODFILE CHECKSUM: b1f1d2e6bec4e9911848b533f017855cdc232663

COCOAPODS: 1.10.1
