// !$*UTF8*$!
{
	archiveVersion = 1;
	classes = {
	};
	objectVersion = 51;
	objects = {

/* Begin PBXBuildFile section */
		8083A3C82473122100AF61C1 /* MessageView.swift in Sources */ = {isa = PBXBuildFile; fileRef = 8083A3C72473122100AF61C1 /* MessageView.swift */; };
		80B0FC5E246A1ABE007AB50F /* AppDelegate.swift in Sources */ = {isa = PBXBuildFile; fileRef = 80B0FC5D246A1ABE007AB50F /* AppDelegate.swift */; };
		80B0FC60246A1ABE007AB50F /* SceneDelegate.swift in Sources */ = {isa = PBXBuildFile; fileRef = 80B0FC5F246A1ABE007AB50F /* SceneDelegate.swift */; };
		80B0FC62246A1ABE007AB50F /* ContentView.swift in Sources */ = {isa = PBXBuildFile; fileRef = 80B0FC61246A1ABE007AB50F /* ContentView.swift */; };
		80B0FC64246A1AC0007AB50F /* Assets.xcassets in Resources */ = {isa = PBXBuildFile; fileRef = 80B0FC63246A1AC0007AB50F /* Assets.xcassets */; };
		80B0FC67246A1AC0007AB50F /* Preview Assets.xcassets in Resources */ = {isa = PBXBuildFile; fileRef = 80B0FC66246A1AC0007AB50F /* Preview Assets.xcassets */; };
		80B0FC6A246A1AC0007AB50F /* LaunchScreen.storyboard in Resources */ = {isa = PBXBuildFile; fileRef = 80B0FC68246A1AC0007AB50F /* LaunchScreen.storyboard */; };
		80B0FC72246A1F1E007AB50F /* LoginView.swift in Sources */ = {isa = PBXBuildFile; fileRef = 80B0FC71246A1F1E007AB50F /* LoginView.swift */; };
		80F08027246A2A3A000B1568 /* ChatView.swift in Sources */ = {isa = PBXBuildFile; fileRef = 80F08026246A2A3A000B1568 /* ChatView.swift */; };
		FE03C2B48F75B22FEDA935DA /* Pods_SwiftUIChat.framework in Frameworks */ = {isa = PBXBuildFile; fileRef = BD15628566982947659343EB /* Pods_SwiftUIChat.framework */; };
/* End PBXBuildFile section */

/* Begin PBXFileReference section */
		48AF3AE2991263566A7778D5 /* Pods-SwiftUIChat.debug.xcconfig */ = {isa = PBXFileReference; includeInIndex = 1; lastKnownFileType = text.xcconfig; name = "Pods-SwiftUIChat.debug.xcconfig"; path = "Target Support Files/Pods-SwiftUIChat/Pods-SwiftUIChat.debug.xcconfig"; sourceTree = "<group>"; };
		80102B69246B353800340BC1 /* SwiftUIChat.entitlements */ = {isa = PBXFileReference; lastKnownFileType = text.plist.entitlements; path = SwiftUIChat.entitlements; sourceTree = "<group>"; };
		8083A3C72473122100AF61C1 /* MessageView.swift */ = {isa = PBXFileReference; lastKnownFileType = sourcecode.swift; path = MessageView.swift; sourceTree = "<group>"; };
		80B0FC5A246A1ABE007AB50F /* SwiftUIChat.app */ = {isa = PBXFileReference; explicitFileType = wrapper.application; includeInIndex = 0; path = SwiftUIChat.app; sourceTree = BUILT_PRODUCTS_DIR; };
		80B0FC5D246A1ABE007AB50F /* AppDelegate.swift */ = {isa = PBXFileReference; lastKnownFileType = sourcecode.swift; path = AppDelegate.swift; sourceTree = "<group>"; };
		80B0FC5F246A1ABE007AB50F /* SceneDelegate.swift */ = {isa = PBXFileReference; lastKnownFileType = sourcecode.swift; path = SceneDelegate.swift; sourceTree = "<group>"; };
		80B0FC61246A1ABE007AB50F /* ContentView.swift */ = {isa = PBXFileReference; lastKnownFileType = sourcecode.swift; path = ContentView.swift; sourceTree = "<group>"; };
		80B0FC63246A1AC0007AB50F /* Assets.xcassets */ = {isa = PBXFileReference; lastKnownFileType = folder.assetcatalog; path = Assets.xcassets; sourceTree = "<group>"; };
		80B0FC66246A1AC0007AB50F /* Preview Assets.xcassets */ = {isa = PBXFileReference; lastKnownFileType = folder.assetcatalog; path = "Preview Assets.xcassets"; sourceTree = "<group>"; };
		80B0FC69246A1AC0007AB50F /* Base */ = {isa = PBXFileReference; lastKnownFileType = file.storyboard; name = Base; path = Base.lproj/LaunchScreen.storyboard; sourceTree = "<group>"; };
		80B0FC6B246A1AC0007AB50F /* Info.plist */ = {isa = PBXFileReference; lastKnownFileType = text.plist.xml; path = Info.plist; sourceTree = "<group>"; };
		80B0FC71246A1F1E007AB50F /* LoginView.swift */ = {isa = PBXFileReference; lastKnownFileType = sourcecode.swift; path = LoginView.swift; sourceTree = "<group>"; };
		80F08026246A2A3A000B1568 /* ChatView.swift */ = {isa = PBXFileReference; lastKnownFileType = sourcecode.swift; path = ChatView.swift; sourceTree = "<group>"; };
		BD15628566982947659343EB /* Pods_SwiftUIChat.framework */ = {isa = PBXFileReference; explicitFileType = wrapper.framework; includeInIndex = 0; path = Pods_SwiftUIChat.framework; sourceTree = BUILT_PRODUCTS_DIR; };
		E9F0FD7277753489DB2B7A55 /* Pods-SwiftUIChat.release.xcconfig */ = {isa = PBXFileReference; includeInIndex = 1; lastKnownFileType = text.xcconfig; name = "Pods-SwiftUIChat.release.xcconfig"; path = "Target Support Files/Pods-SwiftUIChat/Pods-SwiftUIChat.release.xcconfig"; sourceTree = "<group>"; };
/* End PBXFileReference section */

/* Begin PBXFrameworksBuildPhase section */
		80B0FC57246A1ABE007AB50F /* Frameworks */ = {
			isa = PBXFrameworksBuildPhase;
			buildActionMask = 2147483647;
			files = (
				FE03C2B48F75B22FEDA935DA /* Pods_SwiftUIChat.framework in Frameworks */,
			);
			runOnlyForDeploymentPostprocessing = 0;
		};
/* End PBXFrameworksBuildPhase section */

/* Begin PBXGroup section */
		80B0FC51246A1ABE007AB50F = {
			isa = PBXGroup;
			children = (
				80B0FC5C246A1ABE007AB50F /* SwiftUIChat */,
				80B0FC5B246A1ABE007AB50F /* Products */,
				D3DFC9E85518BA3E0B7F05CF /* Pods */,
				D2BF0970A3BB5F182779AFEC /* Frameworks */,
			);
			sourceTree = "<group>";
		};
		80B0FC5B246A1ABE007AB50F /* Products */ = {
			isa = PBXGroup;
			children = (
				80B0FC5A246A1ABE007AB50F /* SwiftUIChat.app */,
			);
			name = Products;
			sourceTree = "<group>";
		};
		80B0FC5C246A1ABE007AB50F /* SwiftUIChat */ = {
			isa = PBXGroup;
			children = (
				80102B69246B353800340BC1 /* SwiftUIChat.entitlements */,
				80B0FC5D246A1ABE007AB50F /* AppDelegate.swift */,
				80B0FC5F246A1ABE007AB50F /* SceneDelegate.swift */,
				80B0FC61246A1ABE007AB50F /* ContentView.swift */,
				80B0FC71246A1F1E007AB50F /* LoginView.swift */,
				8083A3C72473122100AF61C1 /* MessageView.swift */,
				80F08026246A2A3A000B1568 /* ChatView.swift */,
				80B0FC63246A1AC0007AB50F /* Assets.xcassets */,
				80B0FC68246A1AC0007AB50F /* LaunchScreen.storyboard */,
				80B0FC6B246A1AC0007AB50F /* Info.plist */,
				80B0FC65246A1AC0007AB50F /* Preview Content */,
			);
			path = SwiftUIChat;
			sourceTree = "<group>";
		};
		80B0FC65246A1AC0007AB50F /* Preview Content */ = {
			isa = PBXGroup;
			children = (
				80B0FC66246A1AC0007AB50F /* Preview Assets.xcassets */,
			);
			path = "Preview Content";
			sourceTree = "<group>";
		};
		D2BF0970A3BB5F182779AFEC /* Frameworks */ = {
			isa = PBXGroup;
			children = (
				BD15628566982947659343EB /* Pods_SwiftUIChat.framework */,
			);
			name = Frameworks;
			sourceTree = "<group>";
		};
		D3DFC9E85518BA3E0B7F05CF /* Pods */ = {
			isa = PBXGroup;
			children = (
				48AF3AE2991263566A7778D5 /* Pods-SwiftUIChat.debug.xcconfig */,
				E9F0FD7277753489DB2B7A55 /* Pods-SwiftUIChat.release.xcconfig */,
			);
			path = Pods;
			sourceTree = "<group>";
		};
/* End PBXGroup section */

/* Begin PBXNativeTarget section */
		80B0FC59246A1ABE007AB50F /* SwiftUIChat */ = {
			isa = PBXNativeTarget;
			buildConfigurationList = 80B0FC6E246A1AC0007AB50F /* Build configuration list for PBXNativeTarget "SwiftUIChat" */;
			buildPhases = (
				29C8EFFB296E3B52950DF786 /* [CP] Check Pods Manifest.lock */,
				80B0FC56246A1ABE007AB50F /* Sources */,
				80B0FC57246A1ABE007AB50F /* Frameworks */,
				80B0FC58246A1ABE007AB50F /* Resources */,
				A88DDD5F68FA11F69C86BD8C /* [CP] Embed Pods Frameworks */,
			);
			buildRules = (
			);
			dependencies = (
			);
			name = SwiftUIChat;
			productName = SwiftUIChat;
			productReference = 80B0FC5A246A1ABE007AB50F /* SwiftUIChat.app */;
			productType = "com.apple.product-type.application";
		};
/* End PBXNativeTarget section */

/* Begin PBXProject section */
		80B0FC52246A1ABE007AB50F /* Project object */ = {
			isa = PBXProject;
			attributes = {
				LastSwiftUpdateCheck = 1140;
				LastUpgradeCheck = 1140;
				ORGANIZATIONNAME = Stream;
				TargetAttributes = {
					80B0FC59246A1ABE007AB50F = {
						CreatedOnToolsVersion = 11.4;
					};
				};
			};
			buildConfigurationList = 80B0FC55246A1ABE007AB50F /* Build configuration list for PBXProject "SwiftUIChat" */;
			compatibilityVersion = "Xcode 9.3";
			developmentRegion = en;
			hasScannedForEncodings = 0;
			knownRegions = (
				en,
				Base,
			);
			mainGroup = 80B0FC51246A1ABE007AB50F;
			productRefGroup = 80B0FC5B246A1ABE007AB50F /* Products */;
			projectDirPath = "";
			projectRoot = "";
			targets = (
				80B0FC59246A1ABE007AB50F /* SwiftUIChat */,
			);
		};
/* End PBXProject section */

/* Begin PBXResourcesBuildPhase section */
		80B0FC58246A1ABE007AB50F /* Resources */ = {
			isa = PBXResourcesBuildPhase;
			buildActionMask = 2147483647;
			files = (
				80B0FC6A246A1AC0007AB50F /* LaunchScreen.storyboard in Resources */,
				80B0FC67246A1AC0007AB50F /* Preview Assets.xcassets in Resources */,
				80B0FC64246A1AC0007AB50F /* Assets.xcassets in Resources */,
			);
			runOnlyForDeploymentPostprocessing = 0;
		};
/* End PBXResourcesBuildPhase section */

/* Begin PBXShellScriptBuildPhase section */
		29C8EFFB296E3B52950DF786 /* [CP] Check Pods Manifest.lock */ = {
			isa = PBXShellScriptBuildPhase;
			buildActionMask = 2147483647;
			files = (
			);
			inputFileListPaths = (
			);
			inputPaths = (
				"${PODS_PODFILE_DIR_PATH}/Podfile.lock",
				"${PODS_ROOT}/Manifest.lock",
			);
			name = "[CP] Check Pods Manifest.lock";
			outputFileListPaths = (
			);
			outputPaths = (
				"$(DERIVED_FILE_DIR)/Pods-SwiftUIChat-checkManifestLockResult.txt",
			);
			runOnlyForDeploymentPostprocessing = 0;
			shellPath = /bin/sh;
			shellScript = "diff \"${PODS_PODFILE_DIR_PATH}/Podfile.lock\" \"${PODS_ROOT}/Manifest.lock\" > /dev/null\nif [ $? != 0 ] ; then\n    # print error to STDERR\n    echo \"error: The sandbox is not in sync with the Podfile.lock. Run 'pod install' or update your CocoaPods installation.\" >&2\n    exit 1\nfi\n# This output is used by Xcode 'outputs' to avoid re-running this script phase.\necho \"SUCCESS\" > \"${SCRIPT_OUTPUT_FILE_0}\"\n";
			showEnvVarsInLog = 0;
		};
		A88DDD5F68FA11F69C86BD8C /* [CP] Embed Pods Frameworks */ = {
			isa = PBXShellScriptBuildPhase;
			buildActionMask = 2147483647;
			files = (
			);
			inputFileListPaths = (
				"${PODS_ROOT}/Target Support Files/Pods-SwiftUIChat/Pods-SwiftUIChat-frameworks-${CONFIGURATION}-input-files.xcfilelist",
			);
			name = "[CP] Embed Pods Frameworks";
			outputFileListPaths = (
				"${PODS_ROOT}/Target Support Files/Pods-SwiftUIChat/Pods-SwiftUIChat-frameworks-${CONFIGURATION}-output-files.xcfilelist",
			);
			runOnlyForDeploymentPostprocessing = 0;
			shellPath = /bin/sh;
			shellScript = "\"${PODS_ROOT}/Target Support Files/Pods-SwiftUIChat/Pods-SwiftUIChat-frameworks.sh\"\n";
			showEnvVarsInLog = 0;
		};
/* End PBXShellScriptBuildPhase section */

/* Begin PBXSourcesBuildPhase section */
		80B0FC56246A1ABE007AB50F /* Sources */ = {
			isa = PBXSourcesBuildPhase;
			buildActionMask = 2147483647;
			files = (
				8083A3C82473122100AF61C1 /* MessageView.swift in Sources */,
				80B0FC5E246A1ABE007AB50F /* AppDelegate.swift in Sources */,
				80B0FC60246A1ABE007AB50F /* SceneDelegate.swift in Sources */,
				80B0FC72246A1F1E007AB50F /* LoginView.swift in Sources */,
				80F08027246A2A3A000B1568 /* ChatView.swift in Sources */,
				80B0FC62246A1ABE007AB50F /* ContentView.swift in Sources */,
			);
			runOnlyForDeploymentPostprocessing = 0;
		};
/* End PBXSourcesBuildPhase section */

/* Begin PBXVariantGroup section */
		80B0FC68246A1AC0007AB50F /* LaunchScreen.storyboard */ = {
			isa = PBXVariantGroup;
			children = (
				80B0FC69246A1AC0007AB50F /* Base */,
			);
			name = LaunchScreen.storyboard;
			sourceTree = "<group>";
		};
/* End PBXVariantGroup section */

/* Begin XCBuildConfiguration section */
		80B0FC6C246A1AC0007AB50F /* Debug */ = {
			isa = XCBuildConfiguration;
			buildSettings = {
				ALWAYS_SEARCH_USER_PATHS = NO;
				CLANG_ANALYZER_NONNULL = YES;
				CLANG_ANALYZER_NUMBER_OBJECT_CONVERSION = YES_AGGRESSIVE;
				CLANG_CXX_LANGUAGE_STANDARD = "gnu++14";
				CLANG_CXX_LIBRARY = "libc++";
				CLANG_ENABLE_MODULES = YES;
				CLANG_ENABLE_OBJC_ARC = YES;
				CLANG_ENABLE_OBJC_WEAK = YES;
				CLANG_WARN_BLOCK_CAPTURE_AUTORELEASING = YES;
				CLANG_WARN_BOOL_CONVERSION = YES;
				CLANG_WARN_COMMA = YES;
				CLANG_WARN_CONSTANT_CONVERSION = YES;
				CLANG_WARN_DEPRECATED_OBJC_IMPLEMENTATIONS = YES;
				CLANG_WARN_DIRECT_OBJC_ISA_USAGE = YES_ERROR;
				CLANG_WARN_DOCUMENTATION_COMMENTS = YES;
				CLANG_WARN_EMPTY_BODY = YES;
				CLANG_WARN_ENUM_CONVERSION = YES;
				CLANG_WARN_INFINITE_RECURSION = YES;
				CLANG_WARN_INT_CONVERSION = YES;
				CLANG_WARN_NON_LITERAL_NULL_CONVERSION = YES;
				CLANG_WARN_OBJC_IMPLICIT_RETAIN_SELF = YES;
				CLANG_WARN_OBJC_LITERAL_CONVERSION = YES;
				CLANG_WARN_OBJC_ROOT_CLASS = YES_ERROR;
				CLANG_WARN_RANGE_LOOP_ANALYSIS = YES;
				CLANG_WARN_STRICT_PROTOTYPES = YES;
				CLANG_WARN_SUSPICIOUS_MOVE = YES;
				CLANG_WARN_UNGUARDED_AVAILABILITY = YES_AGGRESSIVE;
				CLANG_WARN_UNREACHABLE_CODE = YES;
				CLANG_WARN__DUPLICATE_METHOD_MATCH = YES;
				COPY_PHASE_STRIP = NO;
				DEBUG_INFORMATION_FORMAT = dwarf;
				ENABLE_STRICT_OBJC_MSGSEND = YES;
				ENABLE_TESTABILITY = YES;
				GCC_C_LANGUAGE_STANDARD = gnu11;
				GCC_DYNAMIC_NO_PIC = NO;
				GCC_NO_COMMON_BLOCKS = YES;
				GCC_OPTIMIZATION_LEVEL = 0;
				GCC_PREPROCESSOR_DEFINITIONS = (
					"DEBUG=1",
					"$(inherited)",
				);
				GCC_WARN_64_TO_32_BIT_CONVERSION = YES;
				GCC_WARN_ABOUT_RETURN_TYPE = YES_ERROR;
				GCC_WARN_UNDECLARED_SELECTOR = YES;
				GCC_WARN_UNINITIALIZED_AUTOS = YES_AGGRESSIVE;
				GCC_WARN_UNUSED_FUNCTION = YES;
				GCC_WARN_UNUSED_VARIABLE = YES;
				IPHONEOS_DEPLOYMENT_TARGET = 13.4;
				MTL_ENABLE_DEBUG_INFO = INCLUDE_SOURCE;
				MTL_FAST_MATH = YES;
				ONLY_ACTIVE_ARCH = YES;
				SDKROOT = iphoneos;
				SWIFT_ACTIVE_COMPILATION_CONDITIONS = DEBUG;
				SWIFT_OPTIMIZATION_LEVEL = "-Onone";
			};
			name = Debug;
		};
		80B0FC6D246A1AC0007AB50F /* Release */ = {
			isa = XCBuildConfiguration;
			buildSettings = {
				ALWAYS_SEARCH_USER_PATHS = NO;
				CLANG_ANALYZER_NONNULL = YES;
				CLANG_ANALYZER_NUMBER_OBJECT_CONVERSION = YES_AGGRESSIVE;
				CLANG_CXX_LANGUAGE_STANDARD = "gnu++14";
				CLANG_CXX_LIBRARY = "libc++";
				CLANG_ENABLE_MODULES = YES;
				CLANG_ENABLE_OBJC_ARC = YES;
				CLANG_ENABLE_OBJC_WEAK = YES;
				CLANG_WARN_BLOCK_CAPTURE_AUTORELEASING = YES;
				CLANG_WARN_BOOL_CONVERSION = YES;
				CLANG_WARN_COMMA = YES;
				CLANG_WARN_CONSTANT_CONVERSION = YES;
				CLANG_WARN_DEPRECATED_OBJC_IMPLEMENTATIONS = YES;
				CLANG_WARN_DIRECT_OBJC_ISA_USAGE = YES_ERROR;
				CLANG_WARN_DOCUMENTATION_COMMENTS = YES;
				CLANG_WARN_EMPTY_BODY = YES;
				CLANG_WARN_ENUM_CONVERSION = YES;
				CLANG_WARN_INFINITE_RECURSION = YES;
				CLANG_WARN_INT_CONVERSION = YES;
				CLANG_WARN_NON_LITERAL_NULL_CONVERSION = YES;
				CLANG_WARN_OBJC_IMPLICIT_RETAIN_SELF = YES;
				CLANG_WARN_OBJC_LITERAL_CONVERSION = YES;
				CLANG_WARN_OBJC_ROOT_CLASS = YES_ERROR;
				CLANG_WARN_RANGE_LOOP_ANALYSIS = YES;
				CLANG_WARN_STRICT_PROTOTYPES = YES;
				CLANG_WARN_SUSPICIOUS_MOVE = YES;
				CLANG_WARN_UNGUARDED_AVAILABILITY = YES_AGGRESSIVE;
				CLANG_WARN_UNREACHABLE_CODE = YES;
				CLANG_WARN__DUPLICATE_METHOD_MATCH = YES;
				COPY_PHASE_STRIP = NO;
				DEBUG_INFORMATION_FORMAT = "dwarf-with-dsym";
				ENABLE_NS_ASSERTIONS = NO;
				ENABLE_STRICT_OBJC_MSGSEND = YES;
				GCC_C_LANGUAGE_STANDARD = gnu11;
				GCC_NO_COMMON_BLOCKS = YES;
				GCC_WARN_64_TO_32_BIT_CONVERSION = YES;
				GCC_WARN_ABOUT_RETURN_TYPE = YES_ERROR;
				GCC_WARN_UNDECLARED_SELECTOR = YES;
				GCC_WARN_UNINITIALIZED_AUTOS = YES_AGGRESSIVE;
				GCC_WARN_UNUSED_FUNCTION = YES;
				GCC_WARN_UNUSED_VARIABLE = YES;
				IPHONEOS_DEPLOYMENT_TARGET = 13.4;
				MTL_ENABLE_DEBUG_INFO = NO;
				MTL_FAST_MATH = YES;
				SDKROOT = iphoneos;
				SWIFT_COMPILATION_MODE = wholemodule;
				SWIFT_OPTIMIZATION_LEVEL = "-O";
				VALIDATE_PRODUCT = YES;
			};
			name = Release;
		};
		80B0FC6F246A1AC0007AB50F /* Debug */ = {
			isa = XCBuildConfiguration;
			baseConfigurationReference = 48AF3AE2991263566A7778D5 /* Pods-SwiftUIChat.debug.xcconfig */;
			buildSettings = {
				ASSETCATALOG_COMPILER_APPICON_NAME = AppIcon;
				CODE_SIGN_ENTITLEMENTS = SwiftUIChat/SwiftUIChat.entitlements;
				CODE_SIGN_STYLE = Automatic;
				DEVELOPMENT_ASSET_PATHS = "\"SwiftUIChat/Preview Content\"";
				DEVELOPMENT_TEAM = EHV7XZLAHA;
				ENABLE_PREVIEWS = YES;
				INFOPLIST_FILE = SwiftUIChat/Info.plist;
				LD_RUNPATH_SEARCH_PATHS = (
					"$(inherited)",
					"@executable_path/Frameworks",
				);
				PRODUCT_BUNDLE_IDENTIFIER = io.stream.SwiftUIChat;
				PRODUCT_NAME = "$(TARGET_NAME)";
				SUPPORTS_MACCATALYST = YES;
				SWIFT_VERSION = 5.0;
				TARGETED_DEVICE_FAMILY = "1,2";
			};
			name = Debug;
		};
		80B0FC70246A1AC0007AB50F /* Release */ = {
			isa = XCBuildConfiguration;
			baseConfigurationReference = E9F0FD7277753489DB2B7A55 /* Pods-SwiftUIChat.release.xcconfig */;
			buildSettings = {
				ASSETCATALOG_COMPILER_APPICON_NAME = AppIcon;
				CODE_SIGN_ENTITLEMENTS = SwiftUIChat/SwiftUIChat.entitlements;
				CODE_SIGN_STYLE = Automatic;
				DEVELOPMENT_ASSET_PATHS = "\"SwiftUIChat/Preview Content\"";
				DEVELOPMENT_TEAM = EHV7XZLAHA;
				ENABLE_PREVIEWS = YES;
				INFOPLIST_FILE = SwiftUIChat/Info.plist;
				LD_RUNPATH_SEARCH_PATHS = (
					"$(inherited)",
					"@executable_path/Frameworks",
				);
				PRODUCT_BUNDLE_IDENTIFIER = io.stream.SwiftUIChat;
				PRODUCT_NAME = "$(TARGET_NAME)";
				SUPPORTS_MACCATALYST = YES;
				SWIFT_VERSION = 5.0;
				TARGETED_DEVICE_FAMILY = "1,2";
			};
			name = Release;
		};
/* End XCBuildConfiguration section */

/* Begin XCConfigurationList section */
		80B0FC55246A1ABE007AB50F /* Build configuration list for PBXProject "SwiftUIChat" */ = {
			isa = XCConfigurationList;
			buildConfigurations = (
				80B0FC6C246A1AC0007AB50F /* Debug */,
				80B0FC6D246A1AC0007AB50F /* Release */,
			);
			defaultConfigurationIsVisible = 0;
			defaultConfigurationName = Release;
		};
		80B0FC6E246A1AC0007AB50F /* Build configuration list for PBXNativeTarget "SwiftUIChat" */ = {
			isa = XCConfigurationList;
			buildConfigurations = (
				80B0FC6F246A1AC0007AB50F /* Debug */,
				80B0FC70246A1AC0007AB50F /* Release */,
			);
			defaultConfigurationIsVisible = 0;
			defaultConfigurationName = Release;
		};
/* End XCConfigurationList section */
	};
	rootObject = 80B0FC52246A1ABE007AB50F /* Project object */;
}
